
Microsoft Visual Studio Solution File, Format Version 12.00
# Visual Studio Version 16
VisualStudioVersion = 16.0.30907.101
MinimumVisualStudioVersion = 10.0.40219.1
Project("{FAE04EC0-301F-11D3-BF4B-00C04F79EFBC}") = "AcademiaAtlas", "AcademiaSolution\AcademiaAtlas.csproj", "{0F5E8667-3AFF-455F-B08F-58B061436DAD}"
EndProject
Project("{FAE04EC0-301F-11D3-BF4B-00C04F79EFBC}") = "AcademiaAtlas.Tst", "AcademiaSolution.Tst\AcademiaAtlas.Tst.csproj", "{6C6FCDD0-A7B3-4D32-A4BD-9D7AAEF9AE7B}"
EndProject
Global
	GlobalSection(SolutionConfigurationPlatforms) = preSolution
		Debug|Any CPU = Debug|Any CPU
		Release|Any CPU = Release|Any CPU
	EndGlobalSection
	GlobalSection(ProjectConfigurationPlatforms) = postSolution
		{0F5E8667-3AFF-455F-B08F-58B061436DAD}.Debug|Any CPU.ActiveCfg = Debug|Any CPU
		{0F5E8667-3AFF-455F-B08F-58B061436DAD}.Debug|Any CPU.Build.0 = Debug|Any CPU
		{0F5E8667-3AFF-455F-B08F-58B061436DAD}.Release|Any CPU.ActiveCfg = Release|Any CPU
		{0F5E8667-3AFF-455F-B08F-58B061436DAD}.Release|Any CPU.Build.0 = Release|Any CPU
		{6C6FCDD0-A7B3-4D32-A4BD-9D7AAEF9AE7B}.Debug|Any CPU.ActiveCfg = Debug|Any CPU
		{6C6FCDD0-A7B3-4D32-A4BD-9D7AAEF9AE7B}.Debug|Any CPU.Build.0 = Debug|Any CPU
		{6C6FCDD0-A7B3-4D32-A4BD-9D7AAEF9AE7B}.Release|Any CPU.ActiveCfg = Release|Any CPU
		{6C6FCDD0-A7B3-4D32-A4BD-9D7AAEF9AE7B}.Release|Any CPU.Build.0 = Release|Any CPU
	EndGlobalSection
	GlobalSection(SolutionProperties) = preSolution
		HideSolutionNode = FALSE
	EndGlobalSection
	GlobalSection(ExtensibilityGlobals) = postSolution
		SolutionGuid = {F8E558A0-5F5C-4708-8A9F-61BD805AE562}
	EndGlobalSection
EndGlobal
